{
  "name": "kotlin-uapi-examples-node-simple",
  "version": "1.0.0",
  "lockfileVersion": 1,
  "requires": true,
  "dependencies": {
    "kotlin": {
      "version": "1.2.40",
      "resolved": "https://registry.npmjs.org/kotlin/-/kotlin-1.2.40.tgz",
      "integrity": "sha1-ztw8qV70qvGSmSQUY29swRVXtcM="
    },
    "kotlin-compiler": {
      "version": "1.2.40",
      "resolved": "https://registry.npmjs.org/kotlin-compiler/-/kotlin-compiler-1.2.40.tgz",
      "integrity": "sha1-FunXNW8RK8SosZI8thgx5C/xgU0=",
      "dev": true
    }
  }
}
